// !$*UTF8*$!
{
	archiveVersion = 1;
	classes = {
	};
	objectVersion = 55;
	objects = {

/* Begin PBXBuildFile section */
		5F002488294EFF2200E2D56B /* UIViewController+Extension.swift in Sources */ = {isa = PBXBuildFile; fileRef = 5F002487294EFF2200E2D56B /* UIViewController+Extension.swift */; };
		5F0024A8294F332200E2D56B /* MoviePresentation.swift in Sources */ = {isa = PBXBuildFile; fileRef = 5F002498294F332200E2D56B /* MoviePresentation.swift */; };
		5F0024A9294F332200E2D56B /* MoviePresentation.swift in Sources */ = {isa = PBXBuildFile; fileRef = 5F002498294F332200E2D56B /* MoviePresentation.swift */; };
		5F0024AD294F386000E2D56B /* HomeCell.swift in Sources */ = {isa = PBXBuildFile; fileRef = 5F0024AC294F386000E2D56B /* HomeCell.swift */; };
		5F0024B1294F38CE00E2D56B /* Reuseable.swift in Sources */ = {isa = PBXBuildFile; fileRef = 5F0024B0294F38CE00E2D56B /* Reuseable.swift */; };
		5F0024B2294F38CE00E2D56B /* Reuseable.swift in Sources */ = {isa = PBXBuildFile; fileRef = 5F0024B0294F38CE00E2D56B /* Reuseable.swift */; };
		5F0024B4294F395F00E2D56B /* UITableView+Extension.swift in Sources */ = {isa = PBXBuildFile; fileRef = 5F0024B3294F395F00E2D56B /* UITableView+Extension.swift */; };
		5F0024B5294F395F00E2D56B /* UITableView+Extension.swift in Sources */ = {isa = PBXBuildFile; fileRef = 5F0024B3294F395F00E2D56B /* UITableView+Extension.swift */; };
		5F0024B7294F397E00E2D56B /* UICollectionView+Extension.swift in Sources */ = {isa = PBXBuildFile; fileRef = 5F0024B6294F397E00E2D56B /* UICollectionView+Extension.swift */; };
		5F0024B8294F397E00E2D56B /* UICollectionView+Extension.swift in Sources */ = {isa = PBXBuildFile; fileRef = 5F0024B6294F397E00E2D56B /* UICollectionView+Extension.swift */; };
		5F0024BA294F3A3100E2D56B /* ThemeManager.swift in Sources */ = {isa = PBXBuildFile; fileRef = 5F0024B9294F3A3100E2D56B /* ThemeManager.swift */; };
		5F0024BB294F3A3100E2D56B /* ThemeManager.swift in Sources */ = {isa = PBXBuildFile; fileRef = 5F0024B9294F3A3100E2D56B /* ThemeManager.swift */; };
		5F071769293FA18600A54133 /* AppDelegate.swift in Sources */ = {isa = PBXBuildFile; fileRef = 5F071768293FA18600A54133 /* AppDelegate.swift */; };
		5F071772293FA18700A54133 /* Assets.xcassets in Resources */ = {isa = PBXBuildFile; fileRef = 5F071771293FA18700A54133 /* Assets.xcassets */; };
		5F071780293FA18700A54133 /* iMoviesMVVMTests.swift in Sources */ = {isa = PBXBuildFile; fileRef = 5F07177F293FA18700A54133 /* iMoviesMVVMTests.swift */; };
		5F168BC3296328FC0073BE71 /* UIViewController+Extension.swift in Sources */ = {isa = PBXBuildFile; fileRef = 5F002487294EFF2200E2D56B /* UIViewController+Extension.swift */; };
		5F168BC4296328FF0073BE71 /* Array+Extension.swift in Sources */ = {isa = PBXBuildFile; fileRef = 5F23B3FD29619886008090DD /* Array+Extension.swift */; };
		5F168BC5296329230073BE71 /* ViewProtocol.swift in Sources */ = {isa = PBXBuildFile; fileRef = 5F168BBB29631A9F0073BE71 /* ViewProtocol.swift */; };
		5F168BC6296329270073BE71 /* ControllerProtocol.swift in Sources */ = {isa = PBXBuildFile; fileRef = 5F168BBD29631B570073BE71 /* ControllerProtocol.swift */; };
		5F168BC8296329900073BE71 /* HomeCell.swift in Sources */ = {isa = PBXBuildFile; fileRef = 5F168BC7296329900073BE71 /* HomeCell.swift */; };
		5F168BCA29632A4F0073BE71 /* UIImageView+Extension.swift in Sources */ = {isa = PBXBuildFile; fileRef = 5F168BC929632A4F0073BE71 /* UIImageView+Extension.swift */; };
		5F168BCB29632A4F0073BE71 /* UIImageView+Extension.swift in Sources */ = {isa = PBXBuildFile; fileRef = 5F168BC929632A4F0073BE71 /* UIImageView+Extension.swift */; };
		5F168BCE29632BBC0073BE71 /* iMoviesAPI in Frameworks */ = {isa = PBXBuildFile; productRef = 5F168BCD29632BBC0073BE71 /* iMoviesAPI */; };
		5F168BD129632BE70073BE71 /* Kingfisher in Frameworks */ = {isa = PBXBuildFile; productRef = 5F168BD029632BE70073BE71 /* Kingfisher */; };
		5F168BD429632EAF0073BE71 /* DetailBuilder.swift in Sources */ = {isa = PBXBuildFile; fileRef = 5F168BD329632EAF0073BE71 /* DetailBuilder.swift */; };
		5F168BD529632EAF0073BE71 /* DetailBuilder.swift in Sources */ = {isa = PBXBuildFile; fileRef = 5F168BD329632EAF0073BE71 /* DetailBuilder.swift */; };
		5F168BD729632EB80073BE71 /* DetailController.swift in Sources */ = {isa = PBXBuildFile; fileRef = 5F168BD629632EB80073BE71 /* DetailController.swift */; };
		5F168BD829632EB80073BE71 /* DetailController.swift in Sources */ = {isa = PBXBuildFile; fileRef = 5F168BD629632EB80073BE71 /* DetailController.swift */; };
		5F168BDA29632ED00073BE71 /* DetailViewModel.swift in Sources */ = {isa = PBXBuildFile; fileRef = 5F168BD929632ED00073BE71 /* DetailViewModel.swift */; };
		5F168BDB29632ED00073BE71 /* DetailViewModel.swift in Sources */ = {isa = PBXBuildFile; fileRef = 5F168BD929632ED00073BE71 /* DetailViewModel.swift */; };
		5F168BDD29632EDA0073BE71 /* DetailView.swift in Sources */ = {isa = PBXBuildFile; fileRef = 5F168BDC29632EDA0073BE71 /* DetailView.swift */; };
		5F168BDE29632EDA0073BE71 /* DetailView.swift in Sources */ = {isa = PBXBuildFile; fileRef = 5F168BDC29632EDA0073BE71 /* DetailView.swift */; };
		5F23B3E5295F1767008090DD /* iMoviesAPI in Frameworks */ = {isa = PBXBuildFile; productRef = 5F23B3E4295F1767008090DD /* iMoviesAPI */; };
		5F23B3EA295F68A9008090DD /* Kingfisher in Frameworks */ = {isa = PBXBuildFile; productRef = 5F23B3E9295F68A9008090DD /* Kingfisher */; };
		5F23B3EE295F7689008090DD /* DetailView.swift in Sources */ = {isa = PBXBuildFile; fileRef = 5F23B3ED295F7689008090DD /* DetailView.swift */; };
		5F23B3F0295F7B38008090DD /* DetailController.swift in Sources */ = {isa = PBXBuildFile; fileRef = 5F23B3EF295F7B38008090DD /* DetailController.swift */; };
		5F23B3F429600471008090DD /* DetailBuilder.swift in Sources */ = {isa = PBXBuildFile; fileRef = 5F23B3F329600471008090DD /* DetailBuilder.swift */; };
		5F23B3FA296197CD008090DD /* ResourceLoader.swift in Sources */ = {isa = PBXBuildFile; fileRef = 5F23B3F9296197CD008090DD /* ResourceLoader.swift */; };
		5F23B3FC29619821008090DD /* Optional+Extension.swift in Sources */ = {isa = PBXBuildFile; fileRef = 5F23B3FB29619821008090DD /* Optional+Extension.swift */; };
		5F23B3FE29619886008090DD /* Array+Extension.swift in Sources */ = {isa = PBXBuildFile; fileRef = 5F23B3FD29619886008090DD /* Array+Extension.swift */; };
		5F23B40029619CE7008090DD /* movie1.json in Sources */ = {isa = PBXBuildFile; fileRef = 5F23B3FF29619CE7008090DD /* movie1.json */; };
		5F23B40229619F06008090DD /* movie2.json in Sources */ = {isa = PBXBuildFile; fileRef = 5F23B40129619F06008090DD /* movie2.json */; };
		5F23B40429619F0C008090DD /* movie3.json in Sources */ = {isa = PBXBuildFile; fileRef = 5F23B40329619F0C008090DD /* movie3.json */; };
		5F23B41029631510008090DD /* HomeView.swift in Sources */ = {isa = PBXBuildFile; fileRef = 5F23B40F29631510008090DD /* HomeView.swift */; };
		5F23B41229631519008090DD /* HomeController.swift in Sources */ = {isa = PBXBuildFile; fileRef = 5F23B41129631519008090DD /* HomeController.swift */; };
		5F23B41429631523008090DD /* HomeViewModel.swift in Sources */ = {isa = PBXBuildFile; fileRef = 5F23B41329631523008090DD /* HomeViewModel.swift */; };
		5F23B4162963152C008090DD /* HomeBuilder.swift in Sources */ = {isa = PBXBuildFile; fileRef = 5F23B4152963152C008090DD /* HomeBuilder.swift */; };
		5F9292972967001400B2CBC8 /* AppDelegate.swift in Sources */ = {isa = PBXBuildFile; fileRef = 5F9292962967001400B2CBC8 /* AppDelegate.swift */; };
		5F9292A02967001500B2CBC8 /* Assets.xcassets in Resources */ = {isa = PBXBuildFile; fileRef = 5F92929F2967001500B2CBC8 /* Assets.xcassets */; };
		5F9292AE2967001500B2CBC8 /* iMoviesVIPERTests.swift in Sources */ = {isa = PBXBuildFile; fileRef = 5F9292AD2967001500B2CBC8 /* iMoviesVIPERTests.swift */; };
		5F9292C42967004A00B2CBC8 /* UIViewController+Extension.swift in Sources */ = {isa = PBXBuildFile; fileRef = 5F002487294EFF2200E2D56B /* UIViewController+Extension.swift */; };
		5F9292C52967004D00B2CBC8 /* UIImageView+Extension.swift in Sources */ = {isa = PBXBuildFile; fileRef = 5F168BC929632A4F0073BE71 /* UIImageView+Extension.swift */; };
		5F9292C62967004F00B2CBC8 /* Array+Extension.swift in Sources */ = {isa = PBXBuildFile; fileRef = 5F23B3FD29619886008090DD /* Array+Extension.swift */; };
		5F9292C72967005200B2CBC8 /* UITableView+Extension.swift in Sources */ = {isa = PBXBuildFile; fileRef = 5F0024B3294F395F00E2D56B /* UITableView+Extension.swift */; };
		5F9292C82967005400B2CBC8 /* UICollectionView+Extension.swift in Sources */ = {isa = PBXBuildFile; fileRef = 5F0024B6294F397E00E2D56B /* UICollectionView+Extension.swift */; };
		5F9292C92967005800B2CBC8 /* Optional+Extension.swift in Sources */ = {isa = PBXBuildFile; fileRef = 5F23B3FB29619821008090DD /* Optional+Extension.swift */; };
		5F9292CA2967005800B2CBC8 /* Optional+Extension.swift in Sources */ = {isa = PBXBuildFile; fileRef = 5F23B3FB29619821008090DD /* Optional+Extension.swift */; };
		5F9292CB2967006C00B2CBC8 /* MoviePresentation.swift in Sources */ = {isa = PBXBuildFile; fileRef = 5F002498294F332200E2D56B /* MoviePresentation.swift */; };
		5F9292CE296700BD00B2CBC8 /* AppContainer.swift in Sources */ = {isa = PBXBuildFile; fileRef = 5F9292CD296700BD00B2CBC8 /* AppContainer.swift */; };
		5F9292D0296700D000B2CBC8 /* AppRouter.swift in Sources */ = {isa = PBXBuildFile; fileRef = 5F9292CF296700D000B2CBC8 /* AppRouter.swift */; };
		5F9292D12967014A00B2CBC8 /* Reuseable.swift in Sources */ = {isa = PBXBuildFile; fileRef = 5F0024B0294F38CE00E2D56B /* Reuseable.swift */; };
		5F9292D22967015000B2CBC8 /* ThemeManager.swift in Sources */ = {isa = PBXBuildFile; fileRef = 5F0024B9294F3A3100E2D56B /* ThemeManager.swift */; };
		5F9292D5296743F400B2CBC8 /* iMoviesAPI in Frameworks */ = {isa = PBXBuildFile; productRef = 5F9292D4296743F400B2CBC8 /* iMoviesAPI */; };
		5F9292D82967440E00B2CBC8 /* Kingfisher in Frameworks */ = {isa = PBXBuildFile; productRef = 5F9292D72967440E00B2CBC8 /* Kingfisher */; };
		5F9292DA2967474100B2CBC8 /* Launch Screen.storyboard in Resources */ = {isa = PBXBuildFile; fileRef = 5F9292D92967474100B2CBC8 /* Launch Screen.storyboard */; };
		5F9292DB2967477200B2CBC8 /* Launch Screen.storyboard in Resources */ = {isa = PBXBuildFile; fileRef = 5F9292D92967474100B2CBC8 /* Launch Screen.storyboard */; };
		5F9292DC2967477400B2CBC8 /* Launch Screen.storyboard in Resources */ = {isa = PBXBuildFile; fileRef = 5F9292D92967474100B2CBC8 /* Launch Screen.storyboard */; };
		5F9292E2296749BA00B2CBC8 /* HomeBuilder.swift in Sources */ = {isa = PBXBuildFile; fileRef = 5F9292E1296749BA00B2CBC8 /* HomeBuilder.swift */; };
		5F9292E4296749C200B2CBC8 /* HomeView.swift in Sources */ = {isa = PBXBuildFile; fileRef = 5F9292E3296749C200B2CBC8 /* HomeView.swift */; };
		5F9292E8296749E100B2CBC8 /* HomePresenter.swift in Sources */ = {isa = PBXBuildFile; fileRef = 5F9292E7296749E100B2CBC8 /* HomePresenter.swift */; };
		5F9292EA296749EA00B2CBC8 /* HomeInteractor.swift in Sources */ = {isa = PBXBuildFile; fileRef = 5F9292E9296749EA00B2CBC8 /* HomeInteractor.swift */; };
		5F9292EC296749FE00B2CBC8 /* HomeRouter.swift in Sources */ = {isa = PBXBuildFile; fileRef = 5F9292EB296749FE00B2CBC8 /* HomeRouter.swift */; };
		5F9292EE29674A0C00B2CBC8 /* DetailBuilder.swift in Sources */ = {isa = PBXBuildFile; fileRef = 5F9292ED29674A0C00B2CBC8 /* DetailBuilder.swift */; };
		5F9292F029674A1600B2CBC8 /* DetailPresenter.swift in Sources */ = {isa = PBXBuildFile; fileRef = 5F9292EF29674A1600B2CBC8 /* DetailPresenter.swift */; };
		5F9292F229674A2500B2CBC8 /* DetailView.swift in Sources */ = {isa = PBXBuildFile; fileRef = 5F9292F129674A2500B2CBC8 /* DetailView.swift */; };
		5FA4D079293FB304005D5501 /* AppRouter.swift in Sources */ = {isa = PBXBuildFile; fileRef = 5F071760293F9F6E00A54133 /* AppRouter.swift */; };
		5FA4D07A293FB304005D5501 /* AppContainer.swift in Sources */ = {isa = PBXBuildFile; fileRef = 5F07175E293F9F5300A54133 /* AppContainer.swift */; };
		5FA4D082293FB349005D5501 /* AppDelegate.swift in Sources */ = {isa = PBXBuildFile; fileRef = 5FA4D081293FB349005D5501 /* AppDelegate.swift */; };
		5FA4D086293FB349005D5501 /* HomeController.swift in Sources */ = {isa = PBXBuildFile; fileRef = 5FA4D085293FB349005D5501 /* HomeController.swift */; };
		5FA4D08B293FB34A005D5501 /* Assets.xcassets in Resources */ = {isa = PBXBuildFile; fileRef = 5FA4D08A293FB34A005D5501 /* Assets.xcassets */; };
		5FA4D0B0293FB384005D5501 /* AppContainer.swift in Sources */ = {isa = PBXBuildFile; fileRef = 5FA4D0AF293FB384005D5501 /* AppContainer.swift */; };
		5FA4D0B2293FB398005D5501 /* AppRouter.swift in Sources */ = {isa = PBXBuildFile; fileRef = 5FA4D0B1293FB398005D5501 /* AppRouter.swift */; };
		5FA4D0BC293FB499005D5501 /* iMoviesMVCTests.swift in Sources */ = {isa = PBXBuildFile; fileRef = 5FA4D0BB293FB499005D5501 /* iMoviesMVCTests.swift */; };
		5FE686ED294DB17300318A15 /* HomeView.swift in Sources */ = {isa = PBXBuildFile; fileRef = 5FE686EC294DB17300318A15 /* HomeView.swift */; };
		5FE686F0294DB1DC00318A15 /* BaseAppView.swift in Sources */ = {isa = PBXBuildFile; fileRef = 5FE686EF294DB1DC00318A15 /* BaseAppView.swift */; };
		5FE686F4294DBD1F00318A15 /* BaseAppController.swift in Sources */ = {isa = PBXBuildFile; fileRef = 5FE686F3294DBD1F00318A15 /* BaseAppController.swift */; };
		5FE686F8294DC07900318A15 /* HomeBuilder.swift in Sources */ = {isa = PBXBuildFile; fileRef = 5FE686F7294DC07900318A15 /* HomeBuilder.swift */; };
/* End PBXBuildFile section */

/* Begin PBXContainerItemProxy section */
		5F07177C293FA18700A54133 /* PBXContainerItemProxy */ = {
			isa = PBXContainerItemProxy;
			containerPortal = 5F69D2C6293CE36100768933 /* Project object */;
			proxyType = 1;
			remoteGlobalIDString = 5F071765293FA18600A54133;
			remoteInfo = iMoviesMVVM;
		};
		5F9292AA2967001500B2CBC8 /* PBXContainerItemProxy */ = {
			isa = PBXContainerItemProxy;
			containerPortal = 5F69D2C6293CE36100768933 /* Project object */;
			proxyType = 1;
			remoteGlobalIDString = 5F9292932967001400B2CBC8;
			remoteInfo = iMoviesVIPER;
		};
		5FA4D095293FB34A005D5501 /* PBXContainerItemProxy */ = {
			isa = PBXContainerItemProxy;
			containerPortal = 5F69D2C6293CE36100768933 /* Project object */;
			proxyType = 1;
			remoteGlobalIDString = 5FA4D07E293FB349005D5501;
			remoteInfo = iMoviesMVC;
		};
/* End PBXContainerItemProxy section */

/* Begin PBXCopyFilesBuildPhase section */
		5FA4D0B6293FB40B005D5501 /* Embed Frameworks */ = {
			isa = PBXCopyFilesBuildPhase;
			buildActionMask = 2147483647;
			dstPath = "";
			dstSubfolderSpec = 10;
			files = (
			);
			name = "Embed Frameworks";
			runOnlyForDeploymentPostprocessing = 0;
		};
		5FA4D0BA293FB420005D5501 /* Embed Frameworks */ = {
			isa = PBXCopyFilesBuildPhase;
			buildActionMask = 2147483647;
			dstPath = "";
			dstSubfolderSpec = 10;
			files = (
			);
			name = "Embed Frameworks";
			runOnlyForDeploymentPostprocessing = 0;
		};
/* End PBXCopyFilesBuildPhase section */

/* Begin PBXFileReference section */
		5F002487294EFF2200E2D56B /* UIViewController+Extension.swift */ = {isa = PBXFileReference; lastKnownFileType = sourcecode.swift; path = "UIViewController+Extension.swift"; sourceTree = "<group>"; };
		5F002498294F332200E2D56B /* MoviePresentation.swift */ = {isa = PBXFileReference; fileEncoding = 4; lastKnownFileType = sourcecode.swift; path = MoviePresentation.swift; sourceTree = "<group>"; };
		5F0024AC294F386000E2D56B /* HomeCell.swift */ = {isa = PBXFileReference; lastKnownFileType = sourcecode.swift; path = HomeCell.swift; sourceTree = "<group>"; };
		5F0024B0294F38CE00E2D56B /* Reuseable.swift */ = {isa = PBXFileReference; lastKnownFileType = sourcecode.swift; path = Reuseable.swift; sourceTree = "<group>"; };
		5F0024B3294F395F00E2D56B /* UITableView+Extension.swift */ = {isa = PBXFileReference; lastKnownFileType = sourcecode.swift; path = "UITableView+Extension.swift"; sourceTree = "<group>"; };
		5F0024B6294F397E00E2D56B /* UICollectionView+Extension.swift */ = {isa = PBXFileReference; lastKnownFileType = sourcecode.swift; path = "UICollectionView+Extension.swift"; sourceTree = "<group>"; };
		5F0024B9294F3A3100E2D56B /* ThemeManager.swift */ = {isa = PBXFileReference; lastKnownFileType = sourcecode.swift; path = ThemeManager.swift; sourceTree = "<group>"; };
		5F07175E293F9F5300A54133 /* AppContainer.swift */ = {isa = PBXFileReference; lastKnownFileType = sourcecode.swift; path = AppContainer.swift; sourceTree = "<group>"; };
		5F071760293F9F6E00A54133 /* AppRouter.swift */ = {isa = PBXFileReference; lastKnownFileType = sourcecode.swift; path = AppRouter.swift; sourceTree = "<group>"; };
		5F071766293FA18600A54133 /* iMoviesMVVM.app */ = {isa = PBXFileReference; explicitFileType = wrapper.application; includeInIndex = 0; path = iMoviesMVVM.app; sourceTree = BUILT_PRODUCTS_DIR; };
		5F071768293FA18600A54133 /* AppDelegate.swift */ = {isa = PBXFileReference; lastKnownFileType = sourcecode.swift; path = AppDelegate.swift; sourceTree = "<group>"; };
		5F071771293FA18700A54133 /* Assets.xcassets */ = {isa = PBXFileReference; lastKnownFileType = folder.assetcatalog; path = Assets.xcassets; sourceTree = "<group>"; };
		5F071776293FA18700A54133 /* Info.plist */ = {isa = PBXFileReference; lastKnownFileType = text.plist.xml; path = Info.plist; sourceTree = "<group>"; };
		5F07177B293FA18700A54133 /* iMoviesMVVMTests.xctest */ = {isa = PBXFileReference; explicitFileType = wrapper.cfbundle; includeInIndex = 0; path = iMoviesMVVMTests.xctest; sourceTree = BUILT_PRODUCTS_DIR; };
		5F07177F293FA18700A54133 /* iMoviesMVVMTests.swift */ = {isa = PBXFileReference; lastKnownFileType = sourcecode.swift; path = iMoviesMVVMTests.swift; sourceTree = "<group>"; };
		5F168BBB29631A9F0073BE71 /* ViewProtocol.swift */ = {isa = PBXFileReference; lastKnownFileType = sourcecode.swift; path = ViewProtocol.swift; sourceTree = "<group>"; };
		5F168BBD29631B570073BE71 /* ControllerProtocol.swift */ = {isa = PBXFileReference; lastKnownFileType = sourcecode.swift; path = ControllerProtocol.swift; sourceTree = "<group>"; };
		5F168BC7296329900073BE71 /* HomeCell.swift */ = {isa = PBXFileReference; lastKnownFileType = sourcecode.swift; path = HomeCell.swift; sourceTree = "<group>"; };
		5F168BC929632A4F0073BE71 /* UIImageView+Extension.swift */ = {isa = PBXFileReference; lastKnownFileType = sourcecode.swift; path = "UIImageView+Extension.swift"; sourceTree = "<group>"; };
		5F168BD329632EAF0073BE71 /* DetailBuilder.swift */ = {isa = PBXFileReference; lastKnownFileType = sourcecode.swift; path = DetailBuilder.swift; sourceTree = "<group>"; };
		5F168BD629632EB80073BE71 /* DetailController.swift */ = {isa = PBXFileReference; lastKnownFileType = sourcecode.swift; path = DetailController.swift; sourceTree = "<group>"; };
		5F168BD929632ED00073BE71 /* DetailViewModel.swift */ = {isa = PBXFileReference; lastKnownFileType = sourcecode.swift; path = DetailViewModel.swift; sourceTree = "<group>"; };
		5F168BDC29632EDA0073BE71 /* DetailView.swift */ = {isa = PBXFileReference; lastKnownFileType = sourcecode.swift; path = DetailView.swift; sourceTree = "<group>"; };
		5F23B3ED295F7689008090DD /* DetailView.swift */ = {isa = PBXFileReference; lastKnownFileType = sourcecode.swift; path = DetailView.swift; sourceTree = "<group>"; };
		5F23B3EF295F7B38008090DD /* DetailController.swift */ = {isa = PBXFileReference; lastKnownFileType = sourcecode.swift; path = DetailController.swift; sourceTree = "<group>"; };
		5F23B3F329600471008090DD /* DetailBuilder.swift */ = {isa = PBXFileReference; lastKnownFileType = sourcecode.swift; path = DetailBuilder.swift; sourceTree = "<group>"; };
		5F23B3F9296197CD008090DD /* ResourceLoader.swift */ = {isa = PBXFileReference; lastKnownFileType = sourcecode.swift; path = ResourceLoader.swift; sourceTree = "<group>"; };
		5F23B3FB29619821008090DD /* Optional+Extension.swift */ = {isa = PBXFileReference; lastKnownFileType = sourcecode.swift; path = "Optional+Extension.swift"; sourceTree = "<group>"; };
		5F23B3FD29619886008090DD /* Array+Extension.swift */ = {isa = PBXFileReference; lastKnownFileType = sourcecode.swift; path = "Array+Extension.swift"; sourceTree = "<group>"; };
		5F23B3FF29619CE7008090DD /* movie1.json */ = {isa = PBXFileReference; lastKnownFileType = text.json; path = movie1.json; sourceTree = "<group>"; };
		5F23B40129619F06008090DD /* movie2.json */ = {isa = PBXFileReference; lastKnownFileType = text.json; path = movie2.json; sourceTree = "<group>"; };
		5F23B40329619F0C008090DD /* movie3.json */ = {isa = PBXFileReference; lastKnownFileType = text.json; path = movie3.json; sourceTree = "<group>"; };
		5F23B40F29631510008090DD /* HomeView.swift */ = {isa = PBXFileReference; lastKnownFileType = sourcecode.swift; path = HomeView.swift; sourceTree = "<group>"; };
		5F23B41129631519008090DD /* HomeController.swift */ = {isa = PBXFileReference; lastKnownFileType = sourcecode.swift; path = HomeController.swift; sourceTree = "<group>"; };
		5F23B41329631523008090DD /* HomeViewModel.swift */ = {isa = PBXFileReference; lastKnownFileType = sourcecode.swift; path = HomeViewModel.swift; sourceTree = "<group>"; };
		5F23B4152963152C008090DD /* HomeBuilder.swift */ = {isa = PBXFileReference; lastKnownFileType = sourcecode.swift; path = HomeBuilder.swift; sourceTree = "<group>"; };
		5F9292942967001400B2CBC8 /* iMoviesVIPER.app */ = {isa = PBXFileReference; explicitFileType = wrapper.application; includeInIndex = 0; path = iMoviesVIPER.app; sourceTree = BUILT_PRODUCTS_DIR; };
		5F9292962967001400B2CBC8 /* AppDelegate.swift */ = {isa = PBXFileReference; lastKnownFileType = sourcecode.swift; path = AppDelegate.swift; sourceTree = "<group>"; };
		5F92929F2967001500B2CBC8 /* Assets.xcassets */ = {isa = PBXFileReference; lastKnownFileType = folder.assetcatalog; path = Assets.xcassets; sourceTree = "<group>"; };
		5F9292A42967001500B2CBC8 /* Info.plist */ = {isa = PBXFileReference; lastKnownFileType = text.plist.xml; path = Info.plist; sourceTree = "<group>"; };
		5F9292A92967001500B2CBC8 /* iMoviesVIPERTests.xctest */ = {isa = PBXFileReference; explicitFileType = wrapper.cfbundle; includeInIndex = 0; path = iMoviesVIPERTests.xctest; sourceTree = BUILT_PRODUCTS_DIR; };
		5F9292AD2967001500B2CBC8 /* iMoviesVIPERTests.swift */ = {isa = PBXFileReference; lastKnownFileType = sourcecode.swift; path = iMoviesVIPERTests.swift; sourceTree = "<group>"; };
		5F9292CD296700BD00B2CBC8 /* AppContainer.swift */ = {isa = PBXFileReference; lastKnownFileType = sourcecode.swift; path = AppContainer.swift; sourceTree = "<group>"; };
		5F9292CF296700D000B2CBC8 /* AppRouter.swift */ = {isa = PBXFileReference; lastKnownFileType = sourcecode.swift; path = AppRouter.swift; sourceTree = "<group>"; };
		5F9292D92967474100B2CBC8 /* Launch Screen.storyboard */ = {isa = PBXFileReference; lastKnownFileType = file.storyboard; path = "Launch Screen.storyboard"; sourceTree = "<group>"; };
		5F9292E1296749BA00B2CBC8 /* HomeBuilder.swift */ = {isa = PBXFileReference; lastKnownFileType = sourcecode.swift; path = HomeBuilder.swift; sourceTree = "<group>"; };
		5F9292E3296749C200B2CBC8 /* HomeView.swift */ = {isa = PBXFileReference; lastKnownFileType = sourcecode.swift; path = HomeView.swift; sourceTree = "<group>"; };
		5F9292E7296749E100B2CBC8 /* HomePresenter.swift */ = {isa = PBXFileReference; lastKnownFileType = sourcecode.swift; path = HomePresenter.swift; sourceTree = "<group>"; };
		5F9292E9296749EA00B2CBC8 /* HomeInteractor.swift */ = {isa = PBXFileReference; lastKnownFileType = sourcecode.swift; path = HomeInteractor.swift; sourceTree = "<group>"; };
		5F9292EB296749FE00B2CBC8 /* HomeRouter.swift */ = {isa = PBXFileReference; lastKnownFileType = sourcecode.swift; path = HomeRouter.swift; sourceTree = "<group>"; };
		5F9292ED29674A0C00B2CBC8 /* DetailBuilder.swift */ = {isa = PBXFileReference; lastKnownFileType = sourcecode.swift; path = DetailBuilder.swift; sourceTree = "<group>"; };
		5F9292EF29674A1600B2CBC8 /* DetailPresenter.swift */ = {isa = PBXFileReference; lastKnownFileType = sourcecode.swift; path = DetailPresenter.swift; sourceTree = "<group>"; };
		5F9292F129674A2500B2CBC8 /* DetailView.swift */ = {isa = PBXFileReference; lastKnownFileType = sourcecode.swift; path = DetailView.swift; sourceTree = "<group>"; };
		5FA4D07F293FB349005D5501 /* iMoviesMVC.app */ = {isa = PBXFileReference; explicitFileType = wrapper.application; includeInIndex = 0; path = iMoviesMVC.app; sourceTree = BUILT_PRODUCTS_DIR; };
		5FA4D081293FB349005D5501 /* AppDelegate.swift */ = {isa = PBXFileReference; lastKnownFileType = sourcecode.swift; path = AppDelegate.swift; sourceTree = "<group>"; };
		5FA4D085293FB349005D5501 /* HomeController.swift */ = {isa = PBXFileReference; lastKnownFileType = sourcecode.swift; path = HomeController.swift; sourceTree = "<group>"; };
		5FA4D08A293FB34A005D5501 /* Assets.xcassets */ = {isa = PBXFileReference; lastKnownFileType = folder.assetcatalog; path = Assets.xcassets; sourceTree = "<group>"; };
		5FA4D08F293FB34A005D5501 /* Info.plist */ = {isa = PBXFileReference; lastKnownFileType = text.plist.xml; path = Info.plist; sourceTree = "<group>"; };
		5FA4D094293FB34A005D5501 /* iMoviesMVCTests.xctest */ = {isa = PBXFileReference; explicitFileType = wrapper.cfbundle; includeInIndex = 0; path = iMoviesMVCTests.xctest; sourceTree = BUILT_PRODUCTS_DIR; };
		5FA4D0AF293FB384005D5501 /* AppContainer.swift */ = {isa = PBXFileReference; lastKnownFileType = sourcecode.swift; path = AppContainer.swift; sourceTree = "<group>"; };
		5FA4D0B1293FB398005D5501 /* AppRouter.swift */ = {isa = PBXFileReference; lastKnownFileType = sourcecode.swift; path = AppRouter.swift; sourceTree = "<group>"; };
		5FA4D0BB293FB499005D5501 /* iMoviesMVCTests.swift */ = {isa = PBXFileReference; lastKnownFileType = sourcecode.swift; path = iMoviesMVCTests.swift; sourceTree = "<group>"; };
		5FE686EC294DB17300318A15 /* HomeView.swift */ = {isa = PBXFileReference; lastKnownFileType = sourcecode.swift; path = HomeView.swift; sourceTree = "<group>"; };
		5FE686EF294DB1DC00318A15 /* BaseAppView.swift */ = {isa = PBXFileReference; lastKnownFileType = sourcecode.swift; path = BaseAppView.swift; sourceTree = "<group>"; };
		5FE686F3294DBD1F00318A15 /* BaseAppController.swift */ = {isa = PBXFileReference; lastKnownFileType = sourcecode.swift; path = BaseAppController.swift; sourceTree = "<group>"; };
		5FE686F7294DC07900318A15 /* HomeBuilder.swift */ = {isa = PBXFileReference; lastKnownFileType = sourcecode.swift; path = HomeBuilder.swift; sourceTree = "<group>"; };
/* End PBXFileReference section */

/* Begin PBXFrameworksBuildPhase section */
		5F071763293FA18600A54133 /* Frameworks */ = {
			isa = PBXFrameworksBuildPhase;
			buildActionMask = 2147483647;
			files = (
				5F168BD129632BE70073BE71 /* Kingfisher in Frameworks */,
				5F168BCE29632BBC0073BE71 /* iMoviesAPI in Frameworks */,
			);
			runOnlyForDeploymentPostprocessing = 0;
		};
		5F071778293FA18700A54133 /* Frameworks */ = {
			isa = PBXFrameworksBuildPhase;
			buildActionMask = 2147483647;
			files = (
			);
			runOnlyForDeploymentPostprocessing = 0;
		};
		5F9292912967001400B2CBC8 /* Frameworks */ = {
			isa = PBXFrameworksBuildPhase;
			buildActionMask = 2147483647;
			files = (
				5F9292D82967440E00B2CBC8 /* Kingfisher in Frameworks */,
				5F9292D5296743F400B2CBC8 /* iMoviesAPI in Frameworks */,
			);
			runOnlyForDeploymentPostprocessing = 0;
		};
		5F9292A62967001500B2CBC8 /* Frameworks */ = {
			isa = PBXFrameworksBuildPhase;
			buildActionMask = 2147483647;
			files = (
			);
			runOnlyForDeploymentPostprocessing = 0;
		};
		5FA4D07C293FB349005D5501 /* Frameworks */ = {
			isa = PBXFrameworksBuildPhase;
			buildActionMask = 2147483647;
			files = (
				5F23B3EA295F68A9008090DD /* Kingfisher in Frameworks */,
				5F23B3E5295F1767008090DD /* iMoviesAPI in Frameworks */,
			);
			runOnlyForDeploymentPostprocessing = 0;
		};
		5FA4D091293FB34A005D5501 /* Frameworks */ = {
			isa = PBXFrameworksBuildPhase;
			buildActionMask = 2147483647;
			files = (
			);
			runOnlyForDeploymentPostprocessing = 0;
		};
/* End PBXFrameworksBuildPhase section */

/* Begin PBXGroup section */
		5F002486294EFF0D00E2D56B /* Extensions */ = {
			isa = PBXGroup;
			children = (
				5F002487294EFF2200E2D56B /* UIViewController+Extension.swift */,
				5F168BC929632A4F0073BE71 /* UIImageView+Extension.swift */,
				5F23B3FD29619886008090DD /* Array+Extension.swift */,
				5F0024B3294F395F00E2D56B /* UITableView+Extension.swift */,
				5F0024B6294F397E00E2D56B /* UICollectionView+Extension.swift */,
				5F23B3FB29619821008090DD /* Optional+Extension.swift */,
			);
			path = Extensions;
			sourceTree = "<group>";
		};
		5F0024AF294F38BD00E2D56B /* Utils */ = {
			isa = PBXGroup;
			children = (
				5F0024B0294F38CE00E2D56B /* Reuseable.swift */,
				5F0024B9294F3A3100E2D56B /* ThemeManager.swift */,
			);
			path = Utils;
			sourceTree = "<group>";
		};
		5F071767293FA18600A54133 /* iMoviesMVVM */ = {
			isa = PBXGroup;
			children = (
				5FA4D0C0293FB57D005D5501 /* App */,
				5FA4D0C1293FB58D005D5501 /* Scenes */,
				5FA4D0C2293FB599005D5501 /* Resources */,
				5F071776293FA18700A54133 /* Info.plist */,
			);
			path = iMoviesMVVM;
			sourceTree = "<group>";
		};
		5F07177E293FA18700A54133 /* iMoviesMVVMTests */ = {
			isa = PBXGroup;
			children = (
				5F07177F293FA18700A54133 /* iMoviesMVVMTests.swift */,
			);
			path = iMoviesMVVMTests;
			sourceTree = "<group>";
		};
		5F168BBA29631A600073BE71 /* BaseProtocols */ = {
			isa = PBXGroup;
			children = (
				5F168BBB29631A9F0073BE71 /* ViewProtocol.swift */,
				5F168BBD29631B570073BE71 /* ControllerProtocol.swift */,
			);
			path = BaseProtocols;
			sourceTree = "<group>";
		};
		5F168BD229632E9F0073BE71 /* Detail */ = {
			isa = PBXGroup;
			children = (
				5F168BD329632EAF0073BE71 /* DetailBuilder.swift */,
				5F168BD629632EB80073BE71 /* DetailController.swift */,
				5F168BD929632ED00073BE71 /* DetailViewModel.swift */,
				5F168BDC29632EDA0073BE71 /* DetailView.swift */,
			);
			path = Detail;
			sourceTree = "<group>";
		};
		5F23B3EC295F766E008090DD /* Detail */ = {
			isa = PBXGroup;
			children = (
				5F23B3ED295F7689008090DD /* DetailView.swift */,
				5F23B3F329600471008090DD /* DetailBuilder.swift */,
				5F23B3EF295F7B38008090DD /* DetailController.swift */,
			);
			path = Detail;
			sourceTree = "<group>";
		};
		5F23B3F8296197C1008090DD /* Resources */ = {
			isa = PBXGroup;
			children = (
				5F23B3F9296197CD008090DD /* ResourceLoader.swift */,
				5F23B3FF29619CE7008090DD /* movie1.json */,
				5F23B40129619F06008090DD /* movie2.json */,
				5F23B40329619F0C008090DD /* movie3.json */,
			);
			path = Resources;
			sourceTree = "<group>";
		};
		5F23B405296313E7008090DD /* Presentations */ = {
			isa = PBXGroup;
			children = (
				5F002498294F332200E2D56B /* MoviePresentation.swift */,
			);
			path = Presentations;
			sourceTree = "<group>";
		};
		5F23B4082963147E008090DD /* Commons */ = {
			isa = PBXGroup;
			children = (
				5F002486294EFF0D00E2D56B /* Extensions */,
				5F0024AF294F38BD00E2D56B /* Utils */,
				5F23B405296313E7008090DD /* Presentations */,
			);
			path = Commons;
			sourceTree = "<group>";
		};
		5F23B40E29631501008090DD /* Home */ = {
			isa = PBXGroup;
			children = (
				5F23B4152963152C008090DD /* HomeBuilder.swift */,
				5F23B40F29631510008090DD /* HomeView.swift */,
				5F23B41129631519008090DD /* HomeController.swift */,
				5F23B41329631523008090DD /* HomeViewModel.swift */,
				5F168BC7296329900073BE71 /* HomeCell.swift */,
			);
			path = Home;
			sourceTree = "<group>";
		};
		5F69D2C5293CE36100768933 = {
			isa = PBXGroup;
			children = (
				5F9292D92967474100B2CBC8 /* Launch Screen.storyboard */,
				5F23B4082963147E008090DD /* Commons */,
				5FA4D080293FB349005D5501 /* iMoviesMVC */,
				5FA4D097293FB34A005D5501 /* iMoviesMVCTests */,
				5F071767293FA18600A54133 /* iMoviesMVVM */,
				5F07177E293FA18700A54133 /* iMoviesMVVMTests */,
				5F9292952967001400B2CBC8 /* iMoviesVIPER */,
				5F9292AC2967001500B2CBC8 /* iMoviesVIPERTests */,
				5F69D2CF293CE36100768933 /* Products */,
				5F69D304293DAE9000768933 /* Frameworks */,
			);
			sourceTree = "<group>";
		};
		5F69D2CF293CE36100768933 /* Products */ = {
			isa = PBXGroup;
			children = (
				5F071766293FA18600A54133 /* iMoviesMVVM.app */,
				5F07177B293FA18700A54133 /* iMoviesMVVMTests.xctest */,
				5FA4D07F293FB349005D5501 /* iMoviesMVC.app */,
				5FA4D094293FB34A005D5501 /* iMoviesMVCTests.xctest */,
				5F9292942967001400B2CBC8 /* iMoviesVIPER.app */,
				5F9292A92967001500B2CBC8 /* iMoviesVIPERTests.xctest */,
			);
			name = Products;
			sourceTree = SOURCE_ROOT;
		};
		5F69D304293DAE9000768933 /* Frameworks */ = {
			isa = PBXGroup;
			children = (
			);
			name = Frameworks;
			sourceTree = "<group>";
		};
		5F9292952967001400B2CBC8 /* iMoviesVIPER */ = {
			isa = PBXGroup;
			children = (
				5F9292CC2967008A00B2CBC8 /* App */,
				5F9292DD2967498D00B2CBC8 /* Scenes */,
				5F9292F329674A4800B2CBC8 /* Resources */,
				5F9292A42967001500B2CBC8 /* Info.plist */,
			);
			path = iMoviesVIPER;
			sourceTree = "<group>";
		};
		5F9292AC2967001500B2CBC8 /* iMoviesVIPERTests */ = {
			isa = PBXGroup;
			children = (
				5F9292AD2967001500B2CBC8 /* iMoviesVIPERTests.swift */,
			);
			path = iMoviesVIPERTests;
			sourceTree = "<group>";
		};
		5F9292CC2967008A00B2CBC8 /* App */ = {
			isa = PBXGroup;
			children = (
				5F9292962967001400B2CBC8 /* AppDelegate.swift */,
				5F9292CD296700BD00B2CBC8 /* AppContainer.swift */,
				5F9292CF296700D000B2CBC8 /* AppRouter.swift */,
			);
			path = App;
			sourceTree = "<group>";
		};
		5F9292DD2967498D00B2CBC8 /* Scenes */ = {
			isa = PBXGroup;
			children = (
				5F9292DE2967499A00B2CBC8 /* Home */,
				5F9292E0296749A900B2CBC8 /* Detail */,
			);
			path = Scenes;
			sourceTree = "<group>";
		};
		5F9292DE2967499A00B2CBC8 /* Home */ = {
			isa = PBXGroup;
			children = (
				5F9292E1296749BA00B2CBC8 /* HomeBuilder.swift */,
				5F9292E3296749C200B2CBC8 /* HomeView.swift */,
				5F9292E7296749E100B2CBC8 /* HomePresenter.swift */,
				5F9292E9296749EA00B2CBC8 /* HomeInteractor.swift */,
				5F9292EB296749FE00B2CBC8 /* HomeRouter.swift */,
			);
			path = Home;
			sourceTree = "<group>";
		};
		5F9292E0296749A900B2CBC8 /* Detail */ = {
			isa = PBXGroup;
			children = (
				5F9292ED29674A0C00B2CBC8 /* DetailBuilder.swift */,
				5F9292EF29674A1600B2CBC8 /* DetailPresenter.swift */,
				5F9292F129674A2500B2CBC8 /* DetailView.swift */,
			);
			path = Detail;
			sourceTree = "<group>";
		};
		5F9292F329674A4800B2CBC8 /* Resources */ = {
			isa = PBXGroup;
			children = (
				5F92929F2967001500B2CBC8 /* Assets.xcassets */,
			);
			path = Resources;
			sourceTree = "<group>";
		};
		5FA4D080293FB349005D5501 /* iMoviesMVC */ = {
			isa = PBXGroup;
			children = (
				5FA4D0BD293FB4BD005D5501 /* App */,
				5FA4D0BE293FB526005D5501 /* Scenes */,
				5FA4D0BF293FB541005D5501 /* Resources */,
				5FA4D08F293FB34A005D5501 /* Info.plist */,
			);
			path = iMoviesMVC;
			sourceTree = "<group>";
		};
		5FA4D097293FB34A005D5501 /* iMoviesMVCTests */ = {
			isa = PBXGroup;
			children = (
				5F23B3F8296197C1008090DD /* Resources */,
				5FA4D0BB293FB499005D5501 /* iMoviesMVCTests.swift */,
			);
			path = iMoviesMVCTests;
			sourceTree = "<group>";
		};
		5FA4D0BD293FB4BD005D5501 /* App */ = {
			isa = PBXGroup;
			children = (
				5FA4D081293FB349005D5501 /* AppDelegate.swift */,
				5FA4D0AF293FB384005D5501 /* AppContainer.swift */,
				5FA4D0B1293FB398005D5501 /* AppRouter.swift */,
			);
			path = App;
			sourceTree = "<group>";
		};
		5FA4D0BE293FB526005D5501 /* Scenes */ = {
			isa = PBXGroup;
			children = (
				5FE686EE294DB1C900318A15 /* BaseProtocols */,
				5FE686EB294DB16200318A15 /* Home */,
				5F23B3EC295F766E008090DD /* Detail */,
			);
			path = Scenes;
			sourceTree = "<group>";
		};
		5FA4D0BF293FB541005D5501 /* Resources */ = {
			isa = PBXGroup;
			children = (
				5FA4D08A293FB34A005D5501 /* Assets.xcassets */,
			);
			path = Resources;
			sourceTree = "<group>";
		};
		5FA4D0C0293FB57D005D5501 /* App */ = {
			isa = PBXGroup;
			children = (
				5F07175E293F9F5300A54133 /* AppContainer.swift */,
				5F071760293F9F6E00A54133 /* AppRouter.swift */,
				5F071768293FA18600A54133 /* AppDelegate.swift */,
			);
			path = App;
			sourceTree = "<group>";
		};
		5FA4D0C1293FB58D005D5501 /* Scenes */ = {
			isa = PBXGroup;
			children = (
				5F168BBA29631A600073BE71 /* BaseProtocols */,
				5F23B40E29631501008090DD /* Home */,
				5F168BD229632E9F0073BE71 /* Detail */,
			);
			path = Scenes;
			sourceTree = "<group>";
		};
		5FA4D0C2293FB599005D5501 /* Resources */ = {
			isa = PBXGroup;
			children = (
				5F071771293FA18700A54133 /* Assets.xcassets */,
			);
			path = Resources;
			sourceTree = "<group>";
		};
		5FE686EB294DB16200318A15 /* Home */ = {
			isa = PBXGroup;
			children = (
				5FE686EC294DB17300318A15 /* HomeView.swift */,
				5FE686F7294DC07900318A15 /* HomeBuilder.swift */,
				5FA4D085293FB349005D5501 /* HomeController.swift */,
				5F0024AC294F386000E2D56B /* HomeCell.swift */,
			);
			path = Home;
			sourceTree = "<group>";
		};
		5FE686EE294DB1C900318A15 /* BaseProtocols */ = {
			isa = PBXGroup;
			children = (
				5FE686EF294DB1DC00318A15 /* BaseAppView.swift */,
				5FE686F3294DBD1F00318A15 /* BaseAppController.swift */,
			);
			path = BaseProtocols;
			sourceTree = "<group>";
		};
/* End PBXGroup section */

/* Begin PBXNativeTarget section */
		5F071765293FA18600A54133 /* iMoviesMVVM */ = {
			isa = PBXNativeTarget;
			buildConfigurationList = 5F07178D293FA18700A54133 /* Build configuration list for PBXNativeTarget "iMoviesMVVM" */;
			buildPhases = (
				5F071762293FA18600A54133 /* Sources */,
				5F071763293FA18600A54133 /* Frameworks */,
				5F071764293FA18600A54133 /* Resources */,
				5FA4D0BA293FB420005D5501 /* Embed Frameworks */,
			);
			buildRules = (
			);
			dependencies = (
			);
			name = iMoviesMVVM;
			packageProductDependencies = (
				5F168BCD29632BBC0073BE71 /* iMoviesAPI */,
				5F168BD029632BE70073BE71 /* Kingfisher */,
			);
			productName = iMoviesMVVM;
			productReference = 5F071766293FA18600A54133 /* iMoviesMVVM.app */;
			productType = "com.apple.product-type.application";
		};
		5F07177A293FA18700A54133 /* iMoviesMVVMTests */ = {
			isa = PBXNativeTarget;
			buildConfigurationList = 5F071790293FA18700A54133 /* Build configuration list for PBXNativeTarget "iMoviesMVVMTests" */;
			buildPhases = (
				5F071777293FA18700A54133 /* Sources */,
				5F071778293FA18700A54133 /* Frameworks */,
				5F071779293FA18700A54133 /* Resources */,
			);
			buildRules = (
			);
			dependencies = (
				5F07177D293FA18700A54133 /* PBXTargetDependency */,
			);
			name = iMoviesMVVMTests;
			productName = iMoviesMVVMTests;
			productReference = 5F07177B293FA18700A54133 /* iMoviesMVVMTests.xctest */;
			productType = "com.apple.product-type.bundle.unit-test";
		};
		5F9292932967001400B2CBC8 /* iMoviesVIPER */ = {
			isa = PBXNativeTarget;
			buildConfigurationList = 5F9292BB2967001500B2CBC8 /* Build configuration list for PBXNativeTarget "iMoviesVIPER" */;
			buildPhases = (
				5F9292902967001400B2CBC8 /* Sources */,
				5F9292912967001400B2CBC8 /* Frameworks */,
				5F9292922967001400B2CBC8 /* Resources */,
			);
			buildRules = (
			);
			dependencies = (
			);
			name = iMoviesVIPER;
			packageProductDependencies = (
				5F9292D4296743F400B2CBC8 /* iMoviesAPI */,
				5F9292D72967440E00B2CBC8 /* Kingfisher */,
			);
			productName = iMoviesVIPER;
			productReference = 5F9292942967001400B2CBC8 /* iMoviesVIPER.app */;
			productType = "com.apple.product-type.application";
		};
		5F9292A82967001500B2CBC8 /* iMoviesVIPERTests */ = {
			isa = PBXNativeTarget;
			buildConfigurationList = 5F9292BE2967001500B2CBC8 /* Build configuration list for PBXNativeTarget "iMoviesVIPERTests" */;
			buildPhases = (
				5F9292A52967001500B2CBC8 /* Sources */,
				5F9292A62967001500B2CBC8 /* Frameworks */,
				5F9292A72967001500B2CBC8 /* Resources */,
			);
			buildRules = (
			);
			dependencies = (
				5F9292AB2967001500B2CBC8 /* PBXTargetDependency */,
			);
			name = iMoviesVIPERTests;
			productName = iMoviesVIPERTests;
			productReference = 5F9292A92967001500B2CBC8 /* iMoviesVIPERTests.xctest */;
			productType = "com.apple.product-type.bundle.unit-test";
		};
		5FA4D07E293FB349005D5501 /* iMoviesMVC */ = {
			isa = PBXNativeTarget;
			buildConfigurationList = 5FA4D0A6293FB34B005D5501 /* Build configuration list for PBXNativeTarget "iMoviesMVC" */;
			buildPhases = (
				5FA4D07B293FB349005D5501 /* Sources */,
				5FA4D07C293FB349005D5501 /* Frameworks */,
				5FA4D07D293FB349005D5501 /* Resources */,
				5FA4D0B6293FB40B005D5501 /* Embed Frameworks */,
			);
			buildRules = (
			);
			dependencies = (
			);
			name = iMoviesMVC;
			packageProductDependencies = (
				5F23B3E4295F1767008090DD /* iMoviesAPI */,
				5F23B3E9295F68A9008090DD /* Kingfisher */,
			);
			productName = iMoviesMVC;
			productReference = 5FA4D07F293FB349005D5501 /* iMoviesMVC.app */;
			productType = "com.apple.product-type.application";
		};
		5FA4D093293FB34A005D5501 /* iMoviesMVCTests */ = {
			isa = PBXNativeTarget;
			buildConfigurationList = 5FA4D0A9293FB34B005D5501 /* Build configuration list for PBXNativeTarget "iMoviesMVCTests" */;
			buildPhases = (
				5FA4D090293FB34A005D5501 /* Sources */,
				5FA4D091293FB34A005D5501 /* Frameworks */,
				5FA4D092293FB34A005D5501 /* Resources */,
			);
			buildRules = (
			);
			dependencies = (
				5FA4D096293FB34A005D5501 /* PBXTargetDependency */,
			);
			name = iMoviesMVCTests;
			productName = iMoviesMVCTests;
			productReference = 5FA4D094293FB34A005D5501 /* iMoviesMVCTests.xctest */;
			productType = "com.apple.product-type.bundle.unit-test";
		};
/* End PBXNativeTarget section */

/* Begin PBXProject section */
		5F69D2C6293CE36100768933 /* Project object */ = {
			isa = PBXProject;
			attributes = {
				BuildIndependentTargetsInParallel = 1;
				LastSwiftUpdateCheck = 1340;
				LastUpgradeCheck = 1340;
				TargetAttributes = {
					5F071765293FA18600A54133 = {
						CreatedOnToolsVersion = 13.4.1;
					};
					5F07177A293FA18700A54133 = {
						CreatedOnToolsVersion = 13.4.1;
						TestTargetID = 5F071765293FA18600A54133;
					};
					5F9292932967001400B2CBC8 = {
						CreatedOnToolsVersion = 13.4.1;
					};
					5F9292A82967001500B2CBC8 = {
						CreatedOnToolsVersion = 13.4.1;
						TestTargetID = 5F9292932967001400B2CBC8;
					};
					5FA4D07E293FB349005D5501 = {
						CreatedOnToolsVersion = 13.4.1;
					};
					5FA4D093293FB34A005D5501 = {
						CreatedOnToolsVersion = 13.4.1;
						LastSwiftMigration = 1340;
						TestTargetID = 5FA4D07E293FB349005D5501;
					};
				};
			};
			buildConfigurationList = 5F69D2C9293CE36100768933 /* Build configuration list for PBXProject "iMovies" */;
			compatibilityVersion = "Xcode 13.0";
			developmentRegion = en;
			hasScannedForEncodings = 0;
			knownRegions = (
				en,
				Base,
			);
			mainGroup = 5F69D2C5293CE36100768933;
			packageReferences = (
				5F23B3E3295F1767008090DD /* XCRemoteSwiftPackageReference "iMoviesAPI" */,
				5F23B3E8295F68A9008090DD /* XCRemoteSwiftPackageReference "Kingfisher" */,
				5F168BCC29632BBC0073BE71 /* XCRemoteSwiftPackageReference "iMoviesAPI" */,
				5F168BCF29632BE70073BE71 /* XCRemoteSwiftPackageReference "Kingfisher" */,
				5F9292D3296743F400B2CBC8 /* XCRemoteSwiftPackageReference "iMoviesAPI" */,
				5F9292D62967440E00B2CBC8 /* XCRemoteSwiftPackageReference "Kingfisher" */,
			);
			productRefGroup = 5F69D2CF293CE36100768933 /* Products */;
			projectDirPath = "";
			projectRoot = "";
			targets = (
				5FA4D07E293FB349005D5501 /* iMoviesMVC */,
				5FA4D093293FB34A005D5501 /* iMoviesMVCTests */,
				5F071765293FA18600A54133 /* iMoviesMVVM */,
				5F07177A293FA18700A54133 /* iMoviesMVVMTests */,
				5F9292932967001400B2CBC8 /* iMoviesVIPER */,
				5F9292A82967001500B2CBC8 /* iMoviesVIPERTests */,
			);
		};
/* End PBXProject section */

/* Begin PBXResourcesBuildPhase section */
		5F071764293FA18600A54133 /* Resources */ = {
			isa = PBXResourcesBuildPhase;
			buildActionMask = 2147483647;
			files = (
				5F9292DA2967474100B2CBC8 /* Launch Screen.storyboard in Resources */,
				5F071772293FA18700A54133 /* Assets.xcassets in Resources */,
			);
			runOnlyForDeploymentPostprocessing = 0;
		};
		5F071779293FA18700A54133 /* Resources */ = {
			isa = PBXResourcesBuildPhase;
			buildActionMask = 2147483647;
			files = (
			);
			runOnlyForDeploymentPostprocessing = 0;
		};
		5F9292922967001400B2CBC8 /* Resources */ = {
			isa = PBXResourcesBuildPhase;
			buildActionMask = 2147483647;
			files = (
				5F9292DC2967477400B2CBC8 /* Launch Screen.storyboard in Resources */,
				5F9292A02967001500B2CBC8 /* Assets.xcassets in Resources */,
			);
			runOnlyForDeploymentPostprocessing = 0;
		};
		5F9292A72967001500B2CBC8 /* Resources */ = {
			isa = PBXResourcesBuildPhase;
			buildActionMask = 2147483647;
			files = (
			);
			runOnlyForDeploymentPostprocessing = 0;
		};
		5FA4D07D293FB349005D5501 /* Resources */ = {
			isa = PBXResourcesBuildPhase;
			buildActionMask = 2147483647;
			files = (
				5F9292DB2967477200B2CBC8 /* Launch Screen.storyboard in Resources */,
				5FA4D08B293FB34A005D5501 /* Assets.xcassets in Resources */,
			);
			runOnlyForDeploymentPostprocessing = 0;
		};
		5FA4D092293FB34A005D5501 /* Resources */ = {
			isa = PBXResourcesBuildPhase;
			buildActionMask = 2147483647;
			files = (
			);
			runOnlyForDeploymentPostprocessing = 0;
		};
/* End PBXResourcesBuildPhase section */

/* Begin PBXSourcesBuildPhase section */
		5F071762293FA18600A54133 /* Sources */ = {
			isa = PBXSourcesBuildPhase;
			buildActionMask = 2147483647;
			files = (
				5F0024A9294F332200E2D56B /* MoviePresentation.swift in Sources */,
				5F168BDE29632EDA0073BE71 /* DetailView.swift in Sources */,
				5FA4D079293FB304005D5501 /* AppRouter.swift in Sources */,
				5F168BD829632EB80073BE71 /* DetailController.swift in Sources */,
				5F168BC8296329900073BE71 /* HomeCell.swift in Sources */,
				5F0024B2294F38CE00E2D56B /* Reuseable.swift in Sources */,
				5F168BC3296328FC0073BE71 /* UIViewController+Extension.swift in Sources */,
				5F0024B8294F397E00E2D56B /* UICollectionView+Extension.swift in Sources */,
				5F23B41229631519008090DD /* HomeController.swift in Sources */,
				5F168BC5296329230073BE71 /* ViewProtocol.swift in Sources */,
				5F168BC4296328FF0073BE71 /* Array+Extension.swift in Sources */,
				5F168BDB29632ED00073BE71 /* DetailViewModel.swift in Sources */,
				5F168BCB29632A4F0073BE71 /* UIImageView+Extension.swift in Sources */,
				5FA4D07A293FB304005D5501 /* AppContainer.swift in Sources */,
				5F23B41429631523008090DD /* HomeViewModel.swift in Sources */,
				5F168BD529632EAF0073BE71 /* DetailBuilder.swift in Sources */,
				5F0024BB294F3A3100E2D56B /* ThemeManager.swift in Sources */,
				5F168BC6296329270073BE71 /* ControllerProtocol.swift in Sources */,
				5F23B41029631510008090DD /* HomeView.swift in Sources */,
				5F23B4162963152C008090DD /* HomeBuilder.swift in Sources */,
				5F9292C92967005800B2CBC8 /* Optional+Extension.swift in Sources */,
				5F071769293FA18600A54133 /* AppDelegate.swift in Sources */,
				5F0024B5294F395F00E2D56B /* UITableView+Extension.swift in Sources */,
			);
			runOnlyForDeploymentPostprocessing = 0;
		};
		5F071777293FA18700A54133 /* Sources */ = {
			isa = PBXSourcesBuildPhase;
			buildActionMask = 2147483647;
			files = (
				5F071780293FA18700A54133 /* iMoviesMVVMTests.swift in Sources */,
			);
			runOnlyForDeploymentPostprocessing = 0;
		};
		5F9292902967001400B2CBC8 /* Sources */ = {
			isa = PBXSourcesBuildPhase;
			buildActionMask = 2147483647;
			files = (
				5F9292CB2967006C00B2CBC8 /* MoviePresentation.swift in Sources */,
				5F9292E4296749C200B2CBC8 /* HomeView.swift in Sources */,
				5F9292E2296749BA00B2CBC8 /* HomeBuilder.swift in Sources */,
				5F9292EA296749EA00B2CBC8 /* HomeInteractor.swift in Sources */,
				5F9292E8296749E100B2CBC8 /* HomePresenter.swift in Sources */,
				5F9292C82967005400B2CBC8 /* UICollectionView+Extension.swift in Sources */,
				5F9292C52967004D00B2CBC8 /* UIImageView+Extension.swift in Sources */,
				5F9292C42967004A00B2CBC8 /* UIViewController+Extension.swift in Sources */,
				5F9292EC296749FE00B2CBC8 /* HomeRouter.swift in Sources */,
				5F9292C72967005200B2CBC8 /* UITableView+Extension.swift in Sources */,
				5F9292F029674A1600B2CBC8 /* DetailPresenter.swift in Sources */,
				5F9292CA2967005800B2CBC8 /* Optional+Extension.swift in Sources */,
				5F9292D22967015000B2CBC8 /* ThemeManager.swift in Sources */,
				5F9292F229674A2500B2CBC8 /* DetailView.swift in Sources */,
				5F9292D12967014A00B2CBC8 /* Reuseable.swift in Sources */,
				5F9292D0296700D000B2CBC8 /* AppRouter.swift in Sources */,
				5F9292EE29674A0C00B2CBC8 /* DetailBuilder.swift in Sources */,
				5F9292CE296700BD00B2CBC8 /* AppContainer.swift in Sources */,
				5F9292C62967004F00B2CBC8 /* Array+Extension.swift in Sources */,
				5F9292972967001400B2CBC8 /* AppDelegate.swift in Sources */,
			);
			runOnlyForDeploymentPostprocessing = 0;
		};
		5F9292A52967001500B2CBC8 /* Sources */ = {
			isa = PBXSourcesBuildPhase;
			buildActionMask = 2147483647;
			files = (
				5F9292AE2967001500B2CBC8 /* iMoviesVIPERTests.swift in Sources */,
			);
			runOnlyForDeploymentPostprocessing = 0;
		};
		5FA4D07B293FB349005D5501 /* Sources */ = {
			isa = PBXSourcesBuildPhase;
			buildActionMask = 2147483647;
			files = (
				5F23B3EE295F7689008090DD /* DetailView.swift in Sources */,
				5FA4D086293FB349005D5501 /* HomeController.swift in Sources */,
				5F23B3FE29619886008090DD /* Array+Extension.swift in Sources */,
				5F168BCA29632A4F0073BE71 /* UIImageView+Extension.swift in Sources */,
				5F002488294EFF2200E2D56B /* UIViewController+Extension.swift in Sources */,
				5F23B3FC29619821008090DD /* Optional+Extension.swift in Sources */,
				5FE686F4294DBD1F00318A15 /* BaseAppController.swift in Sources */,
				5F168BD429632EAF0073BE71 /* DetailBuilder.swift in Sources */,
				5F168BDA29632ED00073BE71 /* DetailViewModel.swift in Sources */,
				5F0024AD294F386000E2D56B /* HomeCell.swift in Sources */,
				5F0024B4294F395F00E2D56B /* UITableView+Extension.swift in Sources */,
				5F23B3F0295F7B38008090DD /* DetailController.swift in Sources */,
				5FA4D0B0293FB384005D5501 /* AppContainer.swift in Sources */,
				5FE686F0294DB1DC00318A15 /* BaseAppView.swift in Sources */,
				5F0024B1294F38CE00E2D56B /* Reuseable.swift in Sources */,
				5FA4D082293FB349005D5501 /* AppDelegate.swift in Sources */,
				5F0024BA294F3A3100E2D56B /* ThemeManager.swift in Sources */,
				5F0024B7294F397E00E2D56B /* UICollectionView+Extension.swift in Sources */,
				5F168BDD29632EDA0073BE71 /* DetailView.swift in Sources */,
				5F168BD729632EB80073BE71 /* DetailController.swift in Sources */,
				5FE686F8294DC07900318A15 /* HomeBuilder.swift in Sources */,
				5FE686ED294DB17300318A15 /* HomeView.swift in Sources */,
				5F23B3F429600471008090DD /* DetailBuilder.swift in Sources */,
				5F0024A8294F332200E2D56B /* MoviePresentation.swift in Sources */,
				5FA4D0B2293FB398005D5501 /* AppRouter.swift in Sources */,
			);
			runOnlyForDeploymentPostprocessing = 0;
		};
		5FA4D090293FB34A005D5501 /* Sources */ = {
			isa = PBXSourcesBuildPhase;
			buildActionMask = 2147483647;
			files = (
				5F23B40029619CE7008090DD /* movie1.json in Sources */,
				5F23B40429619F0C008090DD /* movie3.json in Sources */,
				5F23B40229619F06008090DD /* movie2.json in Sources */,
				5F23B3FA296197CD008090DD /* ResourceLoader.swift in Sources */,
				5FA4D0BC293FB499005D5501 /* iMoviesMVCTests.swift in Sources */,
			);
			runOnlyForDeploymentPostprocessing = 0;
		};
/* End PBXSourcesBuildPhase section */

/* Begin PBXTargetDependency section */
		5F07177D293FA18700A54133 /* PBXTargetDependency */ = {
			isa = PBXTargetDependency;
			target = 5F071765293FA18600A54133 /* iMoviesMVVM */;
			targetProxy = 5F07177C293FA18700A54133 /* PBXContainerItemProxy */;
		};
		5F9292AB2967001500B2CBC8 /* PBXTargetDependency */ = {
			isa = PBXTargetDependency;
			target = 5F9292932967001400B2CBC8 /* iMoviesVIPER */;
			targetProxy = 5F9292AA2967001500B2CBC8 /* PBXContainerItemProxy */;
		};
		5FA4D096293FB34A005D5501 /* PBXTargetDependency */ = {
			isa = PBXTargetDependency;
			target = 5FA4D07E293FB349005D5501 /* iMoviesMVC */;
			targetProxy = 5FA4D095293FB34A005D5501 /* PBXContainerItemProxy */;
		};
/* End PBXTargetDependency section */

/* Begin XCBuildConfiguration section */
		5F07178E293FA18700A54133 /* Debug */ = {
			isa = XCBuildConfiguration;
			buildSettings = {
				ASSETCATALOG_COMPILER_APPICON_NAME = AppIcon;
				ASSETCATALOG_COMPILER_GLOBAL_ACCENT_COLOR_NAME = AccentColor;
				CODE_SIGN_STYLE = Automatic;
				CURRENT_PROJECT_VERSION = 1;
				DEVELOPMENT_TEAM = JGMV95L4F7;
				GENERATE_INFOPLIST_FILE = YES;
				INFOPLIST_FILE = iMoviesMVVM/Info.plist;
				INFOPLIST_KEY_UIApplicationSupportsIndirectInputEvents = YES;
				INFOPLIST_KEY_UILaunchStoryboardName = "Launch Screen";
				INFOPLIST_KEY_UISupportedInterfaceOrientations_iPad = "UIInterfaceOrientationPortrait UIInterfaceOrientationPortraitUpsideDown UIInterfaceOrientationLandscapeLeft UIInterfaceOrientationLandscapeRight";
				INFOPLIST_KEY_UISupportedInterfaceOrientations_iPhone = "UIInterfaceOrientationPortrait UIInterfaceOrientationLandscapeLeft UIInterfaceOrientationLandscapeRight";
				LD_RUNPATH_SEARCH_PATHS = (
					"$(inherited)",
					"@executable_path/Frameworks",
				);
				MARKETING_VERSION = 1.0;
				PRODUCT_BUNDLE_IDENTIFIER = com.eyupyasuntimur.iMoviesMVVM;
				PRODUCT_NAME = "$(TARGET_NAME)";
				SWIFT_EMIT_LOC_STRINGS = YES;
				SWIFT_VERSION = 5.0;
				TARGETED_DEVICE_FAMILY = "1,2";
			};
			name = Debug;
		};
		5F07178F293FA18700A54133 /* Release */ = {
			isa = XCBuildConfiguration;
			buildSettings = {
				ASSETCATALOG_COMPILER_APPICON_NAME = AppIcon;
				ASSETCATALOG_COMPILER_GLOBAL_ACCENT_COLOR_NAME = AccentColor;
				CODE_SIGN_STYLE = Automatic;
				CURRENT_PROJECT_VERSION = 1;
				DEVELOPMENT_TEAM = JGMV95L4F7;
				GENERATE_INFOPLIST_FILE = YES;
				INFOPLIST_FILE = iMoviesMVVM/Info.plist;
				INFOPLIST_KEY_UIApplicationSupportsIndirectInputEvents = YES;
				INFOPLIST_KEY_UILaunchStoryboardName = "Launch Screen";
				INFOPLIST_KEY_UISupportedInterfaceOrientations_iPad = "UIInterfaceOrientationPortrait UIInterfaceOrientationPortraitUpsideDown UIInterfaceOrientationLandscapeLeft UIInterfaceOrientationLandscapeRight";
				INFOPLIST_KEY_UISupportedInterfaceOrientations_iPhone = "UIInterfaceOrientationPortrait UIInterfaceOrientationLandscapeLeft UIInterfaceOrientationLandscapeRight";
				LD_RUNPATH_SEARCH_PATHS = (
					"$(inherited)",
					"@executable_path/Frameworks",
				);
				MARKETING_VERSION = 1.0;
				PRODUCT_BUNDLE_IDENTIFIER = com.eyupyasuntimur.iMoviesMVVM;
				PRODUCT_NAME = "$(TARGET_NAME)";
				SWIFT_EMIT_LOC_STRINGS = YES;
				SWIFT_VERSION = 5.0;
				TARGETED_DEVICE_FAMILY = "1,2";
			};
			name = Release;
		};
		5F071791293FA18700A54133 /* Debug */ = {
			isa = XCBuildConfiguration;
			buildSettings = {
				ALWAYS_EMBED_SWIFT_STANDARD_LIBRARIES = YES;
				BUNDLE_LOADER = "$(TEST_HOST)";
				CODE_SIGN_STYLE = Automatic;
				CURRENT_PROJECT_VERSION = 1;
				DEVELOPMENT_TEAM = JGMV95L4F7;
				GENERATE_INFOPLIST_FILE = YES;
				IPHONEOS_DEPLOYMENT_TARGET = 15.5;
				MARKETING_VERSION = 1.0;
				PRODUCT_BUNDLE_IDENTIFIER = com.eyupyasuntimur.iMoviesMVVMTests;
				PRODUCT_NAME = "$(TARGET_NAME)";
				SWIFT_EMIT_LOC_STRINGS = NO;
				SWIFT_VERSION = 5.0;
				TARGETED_DEVICE_FAMILY = "1,2";
				TEST_HOST = "$(BUILT_PRODUCTS_DIR)/iMoviesMVVM.app/iMoviesMVVM";
			};
			name = Debug;
		};
		5F071792293FA18700A54133 /* Release */ = {
			isa = XCBuildConfiguration;
			buildSettings = {
				ALWAYS_EMBED_SWIFT_STANDARD_LIBRARIES = YES;
				BUNDLE_LOADER = "$(TEST_HOST)";
				CODE_SIGN_STYLE = Automatic;
				CURRENT_PROJECT_VERSION = 1;
				DEVELOPMENT_TEAM = JGMV95L4F7;
				GENERATE_INFOPLIST_FILE = YES;
				IPHONEOS_DEPLOYMENT_TARGET = 15.5;
				MARKETING_VERSION = 1.0;
				PRODUCT_BUNDLE_IDENTIFIER = com.eyupyasuntimur.iMoviesMVVMTests;
				PRODUCT_NAME = "$(TARGET_NAME)";
				SWIFT_EMIT_LOC_STRINGS = NO;
				SWIFT_VERSION = 5.0;
				TARGETED_DEVICE_FAMILY = "1,2";
				TEST_HOST = "$(BUILT_PRODUCTS_DIR)/iMoviesMVVM.app/iMoviesMVVM";
			};
			name = Release;
		};
		5F69D2F6293CE36200768933 /* Debug */ = {
			isa = XCBuildConfiguration;
			buildSettings = {
				ALWAYS_SEARCH_USER_PATHS = NO;
				CLANG_ANALYZER_NONNULL = YES;
				CLANG_ANALYZER_NUMBER_OBJECT_CONVERSION = YES_AGGRESSIVE;
				CLANG_CXX_LANGUAGE_STANDARD = "gnu++17";
				CLANG_ENABLE_MODULES = YES;
				CLANG_ENABLE_OBJC_ARC = YES;
				CLANG_ENABLE_OBJC_WEAK = YES;
				CLANG_WARN_BLOCK_CAPTURE_AUTORELEASING = YES;
				CLANG_WARN_BOOL_CONVERSION = YES;
				CLANG_WARN_COMMA = YES;
				CLANG_WARN_CONSTANT_CONVERSION = YES;
				CLANG_WARN_DEPRECATED_OBJC_IMPLEMENTATIONS = YES;
				CLANG_WARN_DIRECT_OBJC_ISA_USAGE = YES_ERROR;
				CLANG_WARN_DOCUMENTATION_COMMENTS = YES;
				CLANG_WARN_EMPTY_BODY = YES;
				CLANG_WARN_ENUM_CONVERSION = YES;
				CLANG_WARN_INFINITE_RECURSION = YES;
				CLANG_WARN_INT_CONVERSION = YES;
				CLANG_WARN_NON_LITERAL_NULL_CONVERSION = YES;
				CLANG_WARN_OBJC_IMPLICIT_RETAIN_SELF = YES;
				CLANG_WARN_OBJC_LITERAL_CONVERSION = YES;
				CLANG_WARN_OBJC_ROOT_CLASS = YES_ERROR;
				CLANG_WARN_QUOTED_INCLUDE_IN_FRAMEWORK_HEADER = YES;
				CLANG_WARN_RANGE_LOOP_ANALYSIS = YES;
				CLANG_WARN_STRICT_PROTOTYPES = YES;
				CLANG_WARN_SUSPICIOUS_MOVE = YES;
				CLANG_WARN_UNGUARDED_AVAILABILITY = YES_AGGRESSIVE;
				CLANG_WARN_UNREACHABLE_CODE = YES;
				CLANG_WARN__DUPLICATE_METHOD_MATCH = YES;
				COPY_PHASE_STRIP = NO;
				DEBUG_INFORMATION_FORMAT = dwarf;
				ENABLE_STRICT_OBJC_MSGSEND = YES;
				ENABLE_TESTABILITY = YES;
				GCC_C_LANGUAGE_STANDARD = gnu11;
				GCC_DYNAMIC_NO_PIC = NO;
				GCC_NO_COMMON_BLOCKS = YES;
				GCC_OPTIMIZATION_LEVEL = 0;
				GCC_PREPROCESSOR_DEFINITIONS = (
					"DEBUG=1",
					"$(inherited)",
				);
				GCC_WARN_64_TO_32_BIT_CONVERSION = YES;
				GCC_WARN_ABOUT_RETURN_TYPE = YES_ERROR;
				GCC_WARN_UNDECLARED_SELECTOR = YES;
				GCC_WARN_UNINITIALIZED_AUTOS = YES_AGGRESSIVE;
				GCC_WARN_UNUSED_FUNCTION = YES;
				GCC_WARN_UNUSED_VARIABLE = YES;
				IPHONEOS_DEPLOYMENT_TARGET = 15.5;
				MTL_ENABLE_DEBUG_INFO = INCLUDE_SOURCE;
				MTL_FAST_MATH = YES;
				ONLY_ACTIVE_ARCH = YES;
				SDKROOT = iphoneos;
				SWIFT_ACTIVE_COMPILATION_CONDITIONS = DEBUG;
				SWIFT_OPTIMIZATION_LEVEL = "-Onone";
			};
			name = Debug;
		};
		5F69D2F7293CE36200768933 /* Release */ = {
			isa = XCBuildConfiguration;
			buildSettings = {
				ALWAYS_SEARCH_USER_PATHS = NO;
				CLANG_ANALYZER_NONNULL = YES;
				CLANG_ANALYZER_NUMBER_OBJECT_CONVERSION = YES_AGGRESSIVE;
				CLANG_CXX_LANGUAGE_STANDARD = "gnu++17";
				CLANG_ENABLE_MODULES = YES;
				CLANG_ENABLE_OBJC_ARC = YES;
				CLANG_ENABLE_OBJC_WEAK = YES;
				CLANG_WARN_BLOCK_CAPTURE_AUTORELEASING = YES;
				CLANG_WARN_BOOL_CONVERSION = YES;
				CLANG_WARN_COMMA = YES;
				CLANG_WARN_CONSTANT_CONVERSION = YES;
				CLANG_WARN_DEPRECATED_OBJC_IMPLEMENTATIONS = YES;
				CLANG_WARN_DIRECT_OBJC_ISA_USAGE = YES_ERROR;
				CLANG_WARN_DOCUMENTATION_COMMENTS = YES;
				CLANG_WARN_EMPTY_BODY = YES;
				CLANG_WARN_ENUM_CONVERSION = YES;
				CLANG_WARN_INFINITE_RECURSION = YES;
				CLANG_WARN_INT_CONVERSION = YES;
				CLANG_WARN_NON_LITERAL_NULL_CONVERSION = YES;
				CLANG_WARN_OBJC_IMPLICIT_RETAIN_SELF = YES;
				CLANG_WARN_OBJC_LITERAL_CONVERSION = YES;
				CLANG_WARN_OBJC_ROOT_CLASS = YES_ERROR;
				CLANG_WARN_QUOTED_INCLUDE_IN_FRAMEWORK_HEADER = YES;
				CLANG_WARN_RANGE_LOOP_ANALYSIS = YES;
				CLANG_WARN_STRICT_PROTOTYPES = YES;
				CLANG_WARN_SUSPICIOUS_MOVE = YES;
				CLANG_WARN_UNGUARDED_AVAILABILITY = YES_AGGRESSIVE;
				CLANG_WARN_UNREACHABLE_CODE = YES;
				CLANG_WARN__DUPLICATE_METHOD_MATCH = YES;
				COPY_PHASE_STRIP = NO;
				DEBUG_INFORMATION_FORMAT = "dwarf-with-dsym";
				ENABLE_NS_ASSERTIONS = NO;
				ENABLE_STRICT_OBJC_MSGSEND = YES;
				GCC_C_LANGUAGE_STANDARD = gnu11;
				GCC_NO_COMMON_BLOCKS = YES;
				GCC_WARN_64_TO_32_BIT_CONVERSION = YES;
				GCC_WARN_ABOUT_RETURN_TYPE = YES_ERROR;
				GCC_WARN_UNDECLARED_SELECTOR = YES;
				GCC_WARN_UNINITIALIZED_AUTOS = YES_AGGRESSIVE;
				GCC_WARN_UNUSED_FUNCTION = YES;
				GCC_WARN_UNUSED_VARIABLE = YES;
				IPHONEOS_DEPLOYMENT_TARGET = 15.5;
				MTL_ENABLE_DEBUG_INFO = NO;
				MTL_FAST_MATH = YES;
				SDKROOT = iphoneos;
				SWIFT_COMPILATION_MODE = wholemodule;
				SWIFT_OPTIMIZATION_LEVEL = "-O";
				VALIDATE_PRODUCT = YES;
			};
			name = Release;
		};
		5F9292BC2967001500B2CBC8 /* Debug */ = {
			isa = XCBuildConfiguration;
			buildSettings = {
				ASSETCATALOG_COMPILER_APPICON_NAME = AppIcon;
				ASSETCATALOG_COMPILER_GLOBAL_ACCENT_COLOR_NAME = AccentColor;
				CODE_SIGN_STYLE = Automatic;
				CURRENT_PROJECT_VERSION = 1;
				DEVELOPMENT_TEAM = JGMV95L4F7;
				GENERATE_INFOPLIST_FILE = YES;
				INFOPLIST_FILE = iMoviesVIPER/Info.plist;
				INFOPLIST_KEY_UIApplicationSupportsIndirectInputEvents = YES;
				INFOPLIST_KEY_UILaunchStoryboardName = "Launch Screen";
				INFOPLIST_KEY_UISupportedInterfaceOrientations_iPad = "UIInterfaceOrientationPortrait UIInterfaceOrientationPortraitUpsideDown UIInterfaceOrientationLandscapeLeft UIInterfaceOrientationLandscapeRight";
				INFOPLIST_KEY_UISupportedInterfaceOrientations_iPhone = "UIInterfaceOrientationPortrait UIInterfaceOrientationLandscapeLeft UIInterfaceOrientationLandscapeRight";
				LD_RUNPATH_SEARCH_PATHS = (
					"$(inherited)",
					"@executable_path/Frameworks",
				);
				MARKETING_VERSION = 1.0;
				PRODUCT_BUNDLE_IDENTIFIER = com.eyupyasuntimur.iMoviesVIPER;
				PRODUCT_NAME = "$(TARGET_NAME)";
				SWIFT_EMIT_LOC_STRINGS = YES;
				SWIFT_VERSION = 5.0;
				TARGETED_DEVICE_FAMILY = "1,2";
			};
			name = Debug;
		};
		5F9292BD2967001500B2CBC8 /* Release */ = {
			isa = XCBuildConfiguration;
			buildSettings = {
				ASSETCATALOG_COMPILER_APPICON_NAME = AppIcon;
				ASSETCATALOG_COMPILER_GLOBAL_ACCENT_COLOR_NAME = AccentColor;
				CODE_SIGN_STYLE = Automatic;
				CURRENT_PROJECT_VERSION = 1;
				DEVELOPMENT_TEAM = JGMV95L4F7;
				GENERATE_INFOPLIST_FILE = YES;
				INFOPLIST_FILE = iMoviesVIPER/Info.plist;
				INFOPLIST_KEY_UIApplicationSupportsIndirectInputEvents = YES;
				INFOPLIST_KEY_UILaunchStoryboardName = "Launch Screen";
				INFOPLIST_KEY_UISupportedInterfaceOrientations_iPad = "UIInterfaceOrientationPortrait UIInterfaceOrientationPortraitUpsideDown UIInterfaceOrientationLandscapeLeft UIInterfaceOrientationLandscapeRight";
				INFOPLIST_KEY_UISupportedInterfaceOrientations_iPhone = "UIInterfaceOrientationPortrait UIInterfaceOrientationLandscapeLeft UIInterfaceOrientationLandscapeRight";
				LD_RUNPATH_SEARCH_PATHS = (
					"$(inherited)",
					"@executable_path/Frameworks",
				);
				MARKETING_VERSION = 1.0;
				PRODUCT_BUNDLE_IDENTIFIER = com.eyupyasuntimur.iMoviesVIPER;
				PRODUCT_NAME = "$(TARGET_NAME)";
				SWIFT_EMIT_LOC_STRINGS = YES;
				SWIFT_VERSION = 5.0;
				TARGETED_DEVICE_FAMILY = "1,2";
			};
			name = Release;
		};
		5F9292BF2967001500B2CBC8 /* Debug */ = {
			isa = XCBuildConfiguration;
			buildSettings = {
				ALWAYS_EMBED_SWIFT_STANDARD_LIBRARIES = YES;
				BUNDLE_LOADER = "$(TEST_HOST)";
				CODE_SIGN_STYLE = Automatic;
				CURRENT_PROJECT_VERSION = 1;
				DEVELOPMENT_TEAM = JGMV95L4F7;
				GENERATE_INFOPLIST_FILE = YES;
				IPHONEOS_DEPLOYMENT_TARGET = 15.5;
				MARKETING_VERSION = 1.0;
				PRODUCT_BUNDLE_IDENTIFIER = com.eyupyasuntimur.iMoviesVIPERTests;
				PRODUCT_NAME = "$(TARGET_NAME)";
				SWIFT_EMIT_LOC_STRINGS = NO;
				SWIFT_VERSION = 5.0;
				TARGETED_DEVICE_FAMILY = "1,2";
				TEST_HOST = "$(BUILT_PRODUCTS_DIR)/iMoviesVIPER.app/iMoviesVIPER";
			};
			name = Debug;
		};
		5F9292C02967001500B2CBC8 /* Release */ = {
			isa = XCBuildConfiguration;
			buildSettings = {
				ALWAYS_EMBED_SWIFT_STANDARD_LIBRARIES = YES;
				BUNDLE_LOADER = "$(TEST_HOST)";
				CODE_SIGN_STYLE = Automatic;
				CURRENT_PROJECT_VERSION = 1;
				DEVELOPMENT_TEAM = JGMV95L4F7;
				GENERATE_INFOPLIST_FILE = YES;
				IPHONEOS_DEPLOYMENT_TARGET = 15.5;
				MARKETING_VERSION = 1.0;
				PRODUCT_BUNDLE_IDENTIFIER = com.eyupyasuntimur.iMoviesVIPERTests;
				PRODUCT_NAME = "$(TARGET_NAME)";
				SWIFT_EMIT_LOC_STRINGS = NO;
				SWIFT_VERSION = 5.0;
				TARGETED_DEVICE_FAMILY = "1,2";
				TEST_HOST = "$(BUILT_PRODUCTS_DIR)/iMoviesVIPER.app/iMoviesVIPER";
			};
			name = Release;
		};
		5FA4D0A7293FB34B005D5501 /* Debug */ = {
			isa = XCBuildConfiguration;
			buildSettings = {
				ASSETCATALOG_COMPILER_APPICON_NAME = AppIcon;
				ASSETCATALOG_COMPILER_GLOBAL_ACCENT_COLOR_NAME = AccentColor;
				CODE_SIGN_STYLE = Automatic;
				CURRENT_PROJECT_VERSION = 1;
				DEVELOPMENT_TEAM = JGMV95L4F7;
				GENERATE_INFOPLIST_FILE = YES;
				INFOPLIST_FILE = iMoviesMVC/Info.plist;
				INFOPLIST_KEY_UIApplicationSupportsIndirectInputEvents = YES;
				INFOPLIST_KEY_UILaunchStoryboardName = "Launch Screen";
				INFOPLIST_KEY_UISupportedInterfaceOrientations_iPad = "UIInterfaceOrientationPortrait UIInterfaceOrientationPortraitUpsideDown UIInterfaceOrientationLandscapeLeft UIInterfaceOrientationLandscapeRight";
				INFOPLIST_KEY_UISupportedInterfaceOrientations_iPhone = "UIInterfaceOrientationPortrait UIInterfaceOrientationLandscapeLeft UIInterfaceOrientationLandscapeRight";
				LD_RUNPATH_SEARCH_PATHS = (
					"$(inherited)",
					"@executable_path/Frameworks",
				);
				MARKETING_VERSION = 1.0;
				PRODUCT_BUNDLE_IDENTIFIER = com.eyupyasuntimur.iMoviesMVC;
				PRODUCT_NAME = "$(TARGET_NAME)";
				SWIFT_EMIT_LOC_STRINGS = YES;
				SWIFT_VERSION = 5.0;
				TARGETED_DEVICE_FAMILY = "1,2";
			};
			name = Debug;
		};
		5FA4D0A8293FB34B005D5501 /* Release */ = {
			isa = XCBuildConfiguration;
			buildSettings = {
				ASSETCATALOG_COMPILER_APPICON_NAME = AppIcon;
				ASSETCATALOG_COMPILER_GLOBAL_ACCENT_COLOR_NAME = AccentColor;
				CODE_SIGN_STYLE = Automatic;
				CURRENT_PROJECT_VERSION = 1;
				DEVELOPMENT_TEAM = JGMV95L4F7;
				GENERATE_INFOPLIST_FILE = YES;
				INFOPLIST_FILE = iMoviesMVC/Info.plist;
				INFOPLIST_KEY_UIApplicationSupportsIndirectInputEvents = YES;
				INFOPLIST_KEY_UILaunchStoryboardName = "Launch Screen";
				INFOPLIST_KEY_UISupportedInterfaceOrientations_iPad = "UIInterfaceOrientationPortrait UIInterfaceOrientationPortraitUpsideDown UIInterfaceOrientationLandscapeLeft UIInterfaceOrientationLandscapeRight";
				INFOPLIST_KEY_UISupportedInterfaceOrientations_iPhone = "UIInterfaceOrientationPortrait UIInterfaceOrientationLandscapeLeft UIInterfaceOrientationLandscapeRight";
				LD_RUNPATH_SEARCH_PATHS = (
					"$(inherited)",
					"@executable_path/Frameworks",
				);
				MARKETING_VERSION = 1.0;
				PRODUCT_BUNDLE_IDENTIFIER = com.eyupyasuntimur.iMoviesMVC;
				PRODUCT_NAME = "$(TARGET_NAME)";
				SWIFT_EMIT_LOC_STRINGS = YES;
				SWIFT_VERSION = 5.0;
				TARGETED_DEVICE_FAMILY = "1,2";
			};
			name = Release;
		};
		5FA4D0AA293FB34B005D5501 /* Debug */ = {
			isa = XCBuildConfiguration;
			buildSettings = {
				ALWAYS_EMBED_SWIFT_STANDARD_LIBRARIES = YES;
				BUNDLE_LOADER = "$(TEST_HOST)";
				CLANG_ENABLE_MODULES = YES;
				CODE_SIGN_STYLE = Automatic;
				CURRENT_PROJECT_VERSION = 1;
				DEVELOPMENT_TEAM = JGMV95L4F7;
				GENERATE_INFOPLIST_FILE = YES;
				IPHONEOS_DEPLOYMENT_TARGET = 15.5;
				LD_RUNPATH_SEARCH_PATHS = (
					"$(inherited)",
					"@executable_path/Frameworks",
					"@loader_path/Frameworks",
				);
				MARKETING_VERSION = 1.0;
				PRODUCT_BUNDLE_IDENTIFIER = com.eyupyasuntimur.iMoviesMVCTests;
				PRODUCT_NAME = "$(TARGET_NAME)";
				SWIFT_EMIT_LOC_STRINGS = NO;
				SWIFT_OPTIMIZATION_LEVEL = "-Onone";
				SWIFT_VERSION = 5.0;
				TARGETED_DEVICE_FAMILY = "1,2";
				TEST_HOST = "$(BUILT_PRODUCTS_DIR)/iMoviesMVC.app/iMoviesMVC";
			};
			name = Debug;
		};
		5FA4D0AB293FB34B005D5501 /* Release */ = {
			isa = XCBuildConfiguration;
			buildSettings = {
				ALWAYS_EMBED_SWIFT_STANDARD_LIBRARIES = YES;
				BUNDLE_LOADER = "$(TEST_HOST)";
				CLANG_ENABLE_MODULES = YES;
				CODE_SIGN_STYLE = Automatic;
				CURRENT_PROJECT_VERSION = 1;
				DEVELOPMENT_TEAM = JGMV95L4F7;
				GENERATE_INFOPLIST_FILE = YES;
				IPHONEOS_DEPLOYMENT_TARGET = 15.5;
				LD_RUNPATH_SEARCH_PATHS = (
					"$(inherited)",
					"@executable_path/Frameworks",
					"@loader_path/Frameworks",
				);
				MARKETING_VERSION = 1.0;
				PRODUCT_BUNDLE_IDENTIFIER = com.eyupyasuntimur.iMoviesMVCTests;
				PRODUCT_NAME = "$(TARGET_NAME)";
				SWIFT_EMIT_LOC_STRINGS = NO;
				SWIFT_VERSION = 5.0;
				TARGETED_DEVICE_FAMILY = "1,2";
				TEST_HOST = "$(BUILT_PRODUCTS_DIR)/iMoviesMVC.app/iMoviesMVC";
			};
			name = Release;
		};
/* End XCBuildConfiguration section */

/* Begin XCConfigurationList section */
		5F07178D293FA18700A54133 /* Build configuration list for PBXNativeTarget "iMoviesMVVM" */ = {
			isa = XCConfigurationList;
			buildConfigurations = (
				5F07178E293FA18700A54133 /* Debug */,
				5F07178F293FA18700A54133 /* Release */,
			);
			defaultConfigurationIsVisible = 0;
			defaultConfigurationName = Release;
		};
		5F071790293FA18700A54133 /* Build configuration list for PBXNativeTarget "iMoviesMVVMTests" */ = {
			isa = XCConfigurationList;
			buildConfigurations = (
				5F071791293FA18700A54133 /* Debug */,
				5F071792293FA18700A54133 /* Release */,
			);
			defaultConfigurationIsVisible = 0;
			defaultConfigurationName = Release;
		};
		5F69D2C9293CE36100768933 /* Build configuration list for PBXProject "iMovies" */ = {
			isa = XCConfigurationList;
			buildConfigurations = (
				5F69D2F6293CE36200768933 /* Debug */,
				5F69D2F7293CE36200768933 /* Release */,
			);
			defaultConfigurationIsVisible = 0;
			defaultConfigurationName = Release;
		};
		5F9292BB2967001500B2CBC8 /* Build configuration list for PBXNativeTarget "iMoviesVIPER" */ = {
			isa = XCConfigurationList;
			buildConfigurations = (
				5F9292BC2967001500B2CBC8 /* Debug */,
				5F9292BD2967001500B2CBC8 /* Release */,
			);
			defaultConfigurationIsVisible = 0;
			defaultConfigurationName = Release;
		};
		5F9292BE2967001500B2CBC8 /* Build configuration list for PBXNativeTarget "iMoviesVIPERTests" */ = {
			isa = XCConfigurationList;
			buildConfigurations = (
				5F9292BF2967001500B2CBC8 /* Debug */,
				5F9292C02967001500B2CBC8 /* Release */,
			);
			defaultConfigurationIsVisible = 0;
			defaultConfigurationName = Release;
		};
		5FA4D0A6293FB34B005D5501 /* Build configuration list for PBXNativeTarget "iMoviesMVC" */ = {
			isa = XCConfigurationList;
			buildConfigurations = (
				5FA4D0A7293FB34B005D5501 /* Debug */,
				5FA4D0A8293FB34B005D5501 /* Release */,
			);
			defaultConfigurationIsVisible = 0;
			defaultConfigurationName = Release;
		};
		5FA4D0A9293FB34B005D5501 /* Build configuration list for PBXNativeTarget "iMoviesMVCTests" */ = {
			isa = XCConfigurationList;
			buildConfigurations = (
				5FA4D0AA293FB34B005D5501 /* Debug */,
				5FA4D0AB293FB34B005D5501 /* Release */,
			);
			defaultConfigurationIsVisible = 0;
			defaultConfigurationName = Release;
		};
/* End XCConfigurationList section */

/* Begin XCRemoteSwiftPackageReference section */
		5F168BCC29632BBC0073BE71 /* XCRemoteSwiftPackageReference "iMoviesAPI" */ = {
			isa = XCRemoteSwiftPackageReference;
			repositoryURL = "https://github.com/yasuntimure/iMoviesAPI.git";
			requirement = {
				branch = development;
				kind = branch;
			};
		};
		5F168BCF29632BE70073BE71 /* XCRemoteSwiftPackageReference "Kingfisher" */ = {
			isa = XCRemoteSwiftPackageReference;
			repositoryURL = "https://github.com/onevcat/Kingfisher.git";
			requirement = {
				branch = master;
				kind = branch;
			};
		};
		5F23B3E3295F1767008090DD /* XCRemoteSwiftPackageReference "iMoviesAPI" */ = {
			isa = XCRemoteSwiftPackageReference;
			repositoryURL = "https://github.com/yasuntimure/iMoviesAPI.git";
			requirement = {
				branch = development;
				kind = branch;
			};
		};
		5F23B3E8295F68A9008090DD /* XCRemoteSwiftPackageReference "Kingfisher" */ = {
			isa = XCRemoteSwiftPackageReference;
			repositoryURL = "https://github.com/onevcat/Kingfisher.git";
			requirement = {
				kind = upToNextMajorVersion;
				minimumVersion = 7.0.0;
			};
		};
		5F9292D3296743F400B2CBC8 /* XCRemoteSwiftPackageReference "iMoviesAPI" */ = {
			isa = XCRemoteSwiftPackageReference;
			repositoryURL = "https://github.com/yasuntimure/iMoviesAPI.git";
			requirement = {
				branch = development;
				kind = branch;
			};
		};
		5F9292D62967440E00B2CBC8 /* XCRemoteSwiftPackageReference "Kingfisher" */ = {
			isa = XCRemoteSwiftPackageReference;
			repositoryURL = "https://github.com/onevcat/Kingfisher.git";
			requirement = {
				branch = master;
				kind = branch;
			};
		};
/* End XCRemoteSwiftPackageReference section */

/* Begin XCSwiftPackageProductDependency section */
		5F168BCD29632BBC0073BE71 /* iMoviesAPI */ = {
			isa = XCSwiftPackageProductDependency;
			package = 5F23B3E3295F1767008090DD /* XCRemoteSwiftPackageReference "iMoviesAPI" */;
			productName = iMoviesAPI;
		};
		5F168BD029632BE70073BE71 /* Kingfisher */ = {
			isa = XCSwiftPackageProductDependency;
			package = 5F168BCF29632BE70073BE71 /* XCRemoteSwiftPackageReference "Kingfisher" */;
			productName = Kingfisher;
		};
		5F23B3E4295F1767008090DD /* iMoviesAPI */ = {
			isa = XCSwiftPackageProductDependency;
			package = 5F23B3E3295F1767008090DD /* XCRemoteSwiftPackageReference "iMoviesAPI" */;
			productName = iMoviesAPI;
		};
		5F23B3E9295F68A9008090DD /* Kingfisher */ = {
			isa = XCSwiftPackageProductDependency;
			package = 5F23B3E8295F68A9008090DD /* XCRemoteSwiftPackageReference "Kingfisher" */;
			productName = Kingfisher;
		};
		5F9292D4296743F400B2CBC8 /* iMoviesAPI */ = {
			isa = XCSwiftPackageProductDependency;
			package = 5F23B3E3295F1767008090DD /* XCRemoteSwiftPackageReference "iMoviesAPI" */;
			productName = iMoviesAPI;
		};
		5F9292D72967440E00B2CBC8 /* Kingfisher */ = {
			isa = XCSwiftPackageProductDependency;
			package = 5F168BCF29632BE70073BE71 /* XCRemoteSwiftPackageReference "Kingfisher" */;
			productName = Kingfisher;
		};
/* End XCSwiftPackageProductDependency section */
	};
	rootObject = 5F69D2C6293CE36100768933 /* Project object */;
}
